
Microsoft Visual Studio Solution File, Format Version 12.00
# Visual Studio Version 17
VisualStudioVersion = 17.12.35707.178 d17.12
MinimumVisualStudioVersion = 10.0.40219.1
Project("{FAE04EC0-301F-11D3-BF4B-00C04F79EFBC}") = "Projeto_Par_Impar", "Projeto_Par_Impar.csproj", "{DB7A0722-F092-456C-8A4E-4B35119A12F3}"
EndProject
Global
	GlobalSection(SolutionConfigurationPlatforms) = preSolution
		Debug|Any CPU = Debug|Any CPU
		Release|Any CPU = Release|Any CPU
	EndGlobalSection
	GlobalSection(ProjectConfigurationPlatforms) = postSolution
		{DB7A0722-F092-456C-8A4E-4B35119A12F3}.Debug|Any CPU.ActiveCfg = Debug|Any CPU
		{DB7A0722-F092-456C-8A4E-4B35119A12F3}.Debug|Any CPU.Build.0 = Debug|Any CPU
		{DB7A0722-F092-456C-8A4E-4B35119A12F3}.Release|Any CPU.ActiveCfg = Release|Any CPU
		{DB7A0722-F092-456C-8A4E-4B35119A12F3}.Release|Any CPU.Build.0 = Release|Any CPU
	EndGlobalSection
	GlobalSection(SolutionProperties) = preSolution
		HideSolutionNode = FALSE
	EndGlobalSection
EndGlobal
