
Microsoft Visual Studio Solution File, Format Version 12.00
# Visual Studio Version 17
VisualStudioVersion = 17.12.35707.178 d17.12
MinimumVisualStudioVersion = 10.0.40219.1
Project("{FAE04EC0-301F-11D3-BF4B-00C04F79EFBC}") = "ProjetoCalculoSalarioBonus", "ProjetoCalculoSalarioBonus.csproj", "{719DDC99-5FBD-4739-B65E-3F9710C2C276}"
EndProject
Global
	GlobalSection(SolutionConfigurationPlatforms) = preSolution
		Debug|Any CPU = Debug|Any CPU
		Release|Any CPU = Release|Any CPU
	EndGlobalSection
	GlobalSection(ProjectConfigurationPlatforms) = postSolution
		{719DDC99-5FBD-4739-B65E-3F9710C2C276}.Debug|Any CPU.ActiveCfg = Debug|Any CPU
		{719DDC99-5FBD-4739-B65E-3F9710C2C276}.Debug|Any CPU.Build.0 = Debug|Any CPU
		{719DDC99-5FBD-4739-B65E-3F9710C2C276}.Release|Any CPU.ActiveCfg = Release|Any CPU
		{719DDC99-5FBD-4739-B65E-3F9710C2C276}.Release|Any CPU.Build.0 = Release|Any CPU
	EndGlobalSection
	GlobalSection(SolutionProperties) = preSolution
		HideSolutionNode = FALSE
	EndGlobalSection
EndGlobal
