
Microsoft Visual Studio Solution File, Format Version 12.00
# Visual Studio Version 17
VisualStudioVersion = 17.12.35707.178 d17.12
MinimumVisualStudioVersion = 10.0.40219.1
Project("{FAE04EC0-301F-11D3-BF4B-00C04F79EFBC}") = "ProjetoCalc01", "ProjetoCalc01.csproj", "{CCD4A0C5-8909-4127-9CDF-6D763BB59127}"
EndProject
Global
	GlobalSection(SolutionConfigurationPlatforms) = preSolution
		Debug|Any CPU = Debug|Any CPU
		Release|Any CPU = Release|Any CPU
	EndGlobalSection
	GlobalSection(ProjectConfigurationPlatforms) = postSolution
		{CCD4A0C5-8909-4127-9CDF-6D763BB59127}.Debug|Any CPU.ActiveCfg = Debug|Any CPU
		{CCD4A0C5-8909-4127-9CDF-6D763BB59127}.Debug|Any CPU.Build.0 = Debug|Any CPU
		{CCD4A0C5-8909-4127-9CDF-6D763BB59127}.Release|Any CPU.ActiveCfg = Release|Any CPU
		{CCD4A0C5-8909-4127-9CDF-6D763BB59127}.Release|Any CPU.Build.0 = Release|Any CPU
	EndGlobalSection
	GlobalSection(SolutionProperties) = preSolution
		HideSolutionNode = FALSE
	EndGlobalSection
EndGlobal
