
Microsoft Visual Studio Solution File, Format Version 12.00
# Visual Studio Version 17
VisualStudioVersion = 17.12.35707.178 d17.12
MinimumVisualStudioVersion = 10.0.40219.1
Project("{FAE04EC0-301F-11D3-BF4B-00C04F79EFBC}") = "Projeto_Dia_Da_Semana", "Projeto_Dia_Da_Semana.csproj", "{D1217402-85F9-4B52-B254-2CC929F07BA9}"
EndProject
Global
	GlobalSection(SolutionConfigurationPlatforms) = preSolution
		Debug|Any CPU = Debug|Any CPU
		Release|Any CPU = Release|Any CPU
	EndGlobalSection
	GlobalSection(ProjectConfigurationPlatforms) = postSolution
		{D1217402-85F9-4B52-B254-2CC929F07BA9}.Debug|Any CPU.ActiveCfg = Debug|Any CPU
		{D1217402-85F9-4B52-B254-2CC929F07BA9}.Debug|Any CPU.Build.0 = Debug|Any CPU
		{D1217402-85F9-4B52-B254-2CC929F07BA9}.Release|Any CPU.ActiveCfg = Release|Any CPU
		{D1217402-85F9-4B52-B254-2CC929F07BA9}.Release|Any CPU.Build.0 = Release|Any CPU
	EndGlobalSection
	GlobalSection(SolutionProperties) = preSolution
		HideSolutionNode = FALSE
	EndGlobalSection
EndGlobal
