
Microsoft Visual Studio Solution File, Format Version 12.00
# Visual Studio Version 17
VisualStudioVersion = 17.12.35707.178 d17.12
MinimumVisualStudioVersion = 10.0.40219.1
Project("{FAE04EC0-301F-11D3-BF4B-00C04F79EFBC}") = "exercicio_passagem_aerea", "exercicio_passagem_aerea.csproj", "{89B6AA9F-F8CC-494F-894D-4465EE3733ED}"
EndProject
Global
	GlobalSection(SolutionConfigurationPlatforms) = preSolution
		Debug|Any CPU = Debug|Any CPU
		Release|Any CPU = Release|Any CPU
	EndGlobalSection
	GlobalSection(ProjectConfigurationPlatforms) = postSolution
		{89B6AA9F-F8CC-494F-894D-4465EE3733ED}.Debug|Any CPU.ActiveCfg = Debug|Any CPU
		{89B6AA9F-F8CC-494F-894D-4465EE3733ED}.Debug|Any CPU.Build.0 = Debug|Any CPU
		{89B6AA9F-F8CC-494F-894D-4465EE3733ED}.Release|Any CPU.ActiveCfg = Release|Any CPU
		{89B6AA9F-F8CC-494F-894D-4465EE3733ED}.Release|Any CPU.Build.0 = Release|Any CPU
	EndGlobalSection
	GlobalSection(SolutionProperties) = preSolution
		HideSolutionNode = FALSE
	EndGlobalSection
EndGlobal
